Microsoft Visual Studio Solution File, Format Version 11.00
# Visual Studio 2008

Project("{6FCD8BCC-5FC7-C782-C941-319A6FEF5074}") = "secretgame", "Assembly-CSharp.csproj", "{CE7FA5CC-BF49-AF51-E970-6E9E20C57DAD}"
EndProject
Global
	GlobalSection(SolutionConfigurationPlatforms) = preSolution
		Debug|Any CPU = Debug|Any CPU
		Release|Any CPU = Release|Any CPU
	EndGlobalSection
	GlobalSection(ProjectConfigurationPlatforms) = postSolution
		{CE7FA5CC-BF49-AF51-E970-6E9E20C57DAD}.Debug|Any CPU.ActiveCfg = Debug|Any CPU
		{CE7FA5CC-BF49-AF51-E970-6E9E20C57DAD}.Debug|Any CPU.Build.0 = Debug|Any CPU
		{CE7FA5CC-BF49-AF51-E970-6E9E20C57DAD}.Release|Any CPU.ActiveCfg = Release|Any CPU
		{CE7FA5CC-BF49-AF51-E970-6E9E20C57DAD}.Release|Any CPU.Build.0 = Release|Any CPU
	EndGlobalSection
	GlobalSection(SolutionProperties) = preSolution
		HideSolutionNode = FALSE
	EndGlobalSection
																																																																																																																														GlobalSection(MonoDevelopProperties) = preSolution
		StartupItem = Assembly-CSharp.csproj
		Policies = $0
		$0.TextStylePolicy = $1
		$1.inheritsSet = null
		$1.scope = text/x-csharp
		$0.CSharpFormattingPolicy = $2
		$2.inheritsSet = Mono
		$2.inheritsScope = text/x-csharp
		$2.scope = text/x-csharp
		$0.TextStylePolicy = $3
		$3.FileWidth = 120
		$3.TabWidth = 4
		$3.EolMarker = Unix
		$3.inheritsSet = Mono
		$3.inheritsScope = text/plain
		$3.scope = text/plain
	EndGlobalSection

EndGlobal
